// !$*UTF8*$!
{
	archiveVersion = 1;
	classes = {
	};
	objectVersion = 46;
	objects = {

/* Begin PBXBuildFile section */
		B11F93A31E2C7E8500788E65 /* AppDelegate.swift in Sources */ = {isa = PBXBuildFile; fileRef = B11F93A21E2C7E8500788E65 /* AppDelegate.swift */; };
		B11F93A51E2C7E8500788E65 /* ViewController.swift in Sources */ = {isa = PBXBuildFile; fileRef = B11F93A41E2C7E8500788E65 /* ViewController.swift */; };
		B11F93A81E2C7E8500788E65 /* Main.storyboard in Resources */ = {isa = PBXBuildFile; fileRef = B11F93A61E2C7E8500788E65 /* Main.storyboard */; };
		B11F93AA1E2C7E8500788E65 /* Assets.xcassets in Resources */ = {isa = PBXBuildFile; fileRef = B11F93A91E2C7E8500788E65 /* Assets.xcassets */; };
		B11F93AD1E2C7E8500788E65 /* LaunchScreen.storyboard in Resources */ = {isa = PBXBuildFile; fileRef = B11F93AB1E2C7E8500788E65 /* LaunchScreen.storyboard */; };
		B11F93B51E2C7F9E00788E65 /* a_r_rahman.jpg in Resources */ = {isa = PBXBuildFile; fileRef = B11F93B41E2C7F9E00788E65 /* a_r_rahman.jpg */; };
/* End PBXBuildFile section */

/* Begin PBXFileReference section */
		B11F939F1E2C7E8500788E65 /* Simple Audio Player.app */ = {isa = PBXFileReference; explicitFileType = wrapper.application; includeInIndex = 0; path = "Simple Audio Player.app"; sourceTree = BUILT_PRODUCTS_DIR; };
		B11F93A21E2C7E8500788E65 /* AppDelegate.swift */ = {isa = PBXFileReference; lastKnownFileType = sourcecode.swift; path = AppDelegate.swift; sourceTree = "<group>"; };
		B11F93A41E2C7E8500788E65 /* ViewController.swift */ = {isa = PBXFileReference; lastKnownFileType = sourcecode.swift; path = ViewController.swift; sourceTree = "<group>"; };
		B11F93A71E2C7E8500788E65 /* Base */ = {isa = PBXFileReference; lastKnownFileType = file.storyboard; name = Base; path = Base.lproj/Main.storyboard; sourceTree = "<group>"; };
		B11F93A91E2C7E8500788E65 /* Assets.xcassets */ = {isa = PBXFileReference; lastKnownFileType = folder.assetcatalog; path = Assets.xcassets; sourceTree = "<group>"; };
		B11F93AC1E2C7E8500788E65 /* Base */ = {isa = PBXFileReference; lastKnownFileType = file.storyboard; name = Base; path = Base.lproj/LaunchScreen.storyboard; sourceTree = "<group>"; };
		B11F93AE1E2C7E8500788E65 /* Info.plist */ = {isa = PBXFileReference; lastKnownFileType = text.plist.xml; path = Info.plist; sourceTree = "<group>"; };
		B11F93B41E2C7F9E00788E65 /* a_r_rahman.jpg */ = {isa = PBXFileReference; lastKnownFileType = image.jpeg; path = a_r_rahman.jpg; sourceTree = "<group>"; };
/* End PBXFileReference section */

/* Begin PBXFrameworksBuildPhase section */
		B11F939C1E2C7E8400788E65 /* Frameworks */ = {
			isa = PBXFrameworksBuildPhase;
			buildActionMask = 2147483647;
			files = (
			);
			runOnlyForDeploymentPostprocessing = 0;
		};
/* End PBXFrameworksBuildPhase section */

/* Begin PBXGroup section */
		B11F93961E2C7E8400788E65 = {
			isa = PBXGroup;
			children = (
				B11F93A11E2C7E8500788E65 /* Simple Audio Player */,
				B11F93A01E2C7E8500788E65 /* Products */,
			);
			sourceTree = "<group>";
		};
		B11F93A01E2C7E8500788E65 /* Products */ = {
			isa = PBXGroup;
			children = (
				B11F939F1E2C7E8500788E65 /* Simple Audio Player.app */,
			);
			name = Products;
			sourceTree = "<group>";
		};
		B11F93A11E2C7E8500788E65 /* Simple Audio Player */ = {
			isa = PBXGroup;
			children = (
				B11F93A21E2C7E8500788E65 /* AppDelegate.swift */,
				B11F93A41E2C7E8500788E65 /* ViewController.swift */,
				B11F93A61E2C7E8500788E65 /* Main.storyboard */,
				B11F93A91E2C7E8500788E65 /* Assets.xcassets */,
				B11F93AB1E2C7E8500788E65 /* LaunchScreen.storyboard */,
				B11F93B41E2C7F9E00788E65 /* a_r_rahman.jpg */,
				B11F93AE1E2C7E8500788E65 /* Info.plist */,
			);
			path = "Simple Audio Player";
			sourceTree = "<group>";
		};
/* End PBXGroup section */

/* Begin PBXNativeTarget section */
		B11F939E1E2C7E8400788E65 /* Simple Audio Player */ = {
			isa = PBXNativeTarget;
			buildConfigurationList = B11F93B11E2C7E8500788E65 /* Build configuration list for PBXNativeTarget "Simple Audio Player" */;
			buildPhases = (
				B11F939B1E2C7E8400788E65 /* Sources */,
				B11F939C1E2C7E8400788E65 /* Frameworks */,
				B11F939D1E2C7E8400788E65 /* Resources */,
			);
			buildRules = (
			);
			dependencies = (
			);
			name = "Simple Audio Player";
			productName = "Simple Audio Player";
			productReference = B11F939F1E2C7E8500788E65 /* Simple Audio Player.app */;
			productType = "com.apple.product-type.application";
		};
/* End PBXNativeTarget section */

/* Begin PBXProject section */
		B11F93971E2C7E8400788E65 /* Project object */ = {
			isa = PBXProject;
			attributes = {
				LastSwiftUpdateCheck = 0820;
				LastUpgradeCheck = 0820;
				ORGANIZATIONNAME = RealDev;
				TargetAttributes = {
					B11F939E1E2C7E8400788E65 = {
						CreatedOnToolsVersion = 8.2.1;
						ProvisioningStyle = Automatic;
					};
				};
			};
			buildConfigurationList = B11F939A1E2C7E8400788E65 /* Build configuration list for PBXProject "Simple Audio Player" */;
			compatibilityVersion = "Xcode 3.2";
			developmentRegion = English;
			hasScannedForEncodings = 0;
			knownRegions = (
				en,
				Base,
			);
			mainGroup = B11F93961E2C7E8400788E65;
			productRefGroup = B11F93A01E2C7E8500788E65 /* Products */;
			projectDirPath = "";
			projectRoot = "";
			targets = (
				B11F939E1E2C7E8400788E65 /* Simple Audio Player */,
			);
		};
/* End PBXProject section */

/* Begin PBXResourcesBuildPhase section */
		B11F939D1E2C7E8400788E65 /* Resources */ = {
			isa = PBXResourcesBuildPhase;
			buildActionMask = 2147483647;
			files = (
				B11F93AD1E2C7E8500788E65 /* LaunchScreen.storyboard in Resources */,
				B11F93B51E2C7F9E00788E65 /* a_r_rahman.jpg in Resources */,
				B11F93AA1E2C7E8500788E65 /* Assets.xcassets in Resources */,
				B11F93A81E2C7E8500788E65 /* Main.storyboard in Resources */,
			);
			runOnlyForDeploymentPostprocessing = 0;
		};
/* End PBXResourcesBuildPhase section */

/* Begin PBXSourcesBuildPhase section */
		B11F939B1E2C7E8400788E65 /* Sources */ = {
			isa = PBXSourcesBuildPhase;
			buildActionMask = 2147483647;
			files = (
				B11F93A51E2C7E8500788E65 /* ViewController.swift in Sources */,
				B11F93A31E2C7E8500788E65 /* AppDelegate.swift in Sources */,
			);
			runOnlyForDeploymentPostprocessing = 0;
		};
/* End PBXSourcesBuildPhase section */

/* Begin PBXVariantGroup section */
		B11F93A61E2C7E8500788E65 /* Main.storyboard */ = {
			isa = PBXVariantGroup;
			children = (
				B11F93A71E2C7E8500788E65 /* Base */,
			);
			name = Main.storyboard;
			sourceTree = "<group>";
		};
		B11F93AB1E2C7E8500788E65 /* LaunchScreen.storyboard */ = {
			isa = PBXVariantGroup;
			children = (
				B11F93AC1E2C7E8500788E65 /* Base */,
			);
			name = LaunchScreen.storyboard;
			sourceTree = "<group>";
		};
/* End PBXVariantGroup section */

/* Begin XCBuildConfiguration section */
		B11F93AF1E2C7E8500788E65 /* Debug */ = {
			isa = XCBuildConfiguration;
			buildSettings = {
				ALWAYS_SEARCH_USER_PATHS = NO;
				CLANG_ANALYZER_NONNULL = YES;
				CLANG_CXX_LANGUAGE_STANDARD = "gnu++0x";
				CLANG_CXX_LIBRARY = "libc++";
				CLANG_ENABLE_MODULES = YES;
				CLANG_ENABLE_OBJC_ARC = YES;
				CLANG_WARN_BOOL_CONVERSION = YES;
				CLANG_WARN_CONSTANT_CONVERSION = YES;
				CLANG_WARN_DIRECT_OBJC_ISA_USAGE = YES_ERROR;
				CLANG_WARN_DOCUMENTATION_COMMENTS = YES;
				CLANG_WARN_EMPTY_BODY = YES;
				CLANG_WARN_ENUM_CONVERSION = YES;
				CLANG_WARN_INFINITE_RECURSION = YES;
				CLANG_WARN_INT_CONVERSION = YES;
				CLANG_WARN_OBJC_ROOT_CLASS = YES_ERROR;
				CLANG_WARN_SUSPICIOUS_MOVE = YES;
				CLANG_WARN_UNREACHABLE_CODE = YES;
				CLANG_WARN__DUPLICATE_METHOD_MATCH = YES;
				"CODE_SIGN_IDENTITY[sdk=iphoneos*]" = "iPhone Developer";
				COPY_PHASE_STRIP = NO;
				DEBUG_INFORMATION_FORMAT = dwarf;
				ENABLE_STRICT_OBJC_MSGSEND = YES;
				ENABLE_TESTABILITY = YES;
				GCC_C_LANGUAGE_STANDARD = gnu99;
				GCC_DYNAMIC_NO_PIC = NO;
				GCC_NO_COMMON_BLOCKS = YES;
				GCC_OPTIMIZATION_LEVEL = 0;
				GCC_PREPROCESSOR_DEFINITIONS = (
					"DEBUG=1",
					"$(inherited)",
				);
				GCC_WARN_64_TO_32_BIT_CONVERSION = YES;
				GCC_WARN_ABOUT_RETURN_TYPE = YES_ERROR;
				GCC_WARN_UNDECLARED_SELECTOR = YES;
				GCC_WARN_UNINITIALIZED_AUTOS = YES_AGGRESSIVE;
				GCC_WARN_UNUSED_FUNCTION = YES;
				GCC_WARN_UNUSED_VARIABLE = YES;
				IPHONEOS_DEPLOYMENT_TARGET = 10.2;
				MTL_ENABLE_DEBUG_INFO = YES;
				ONLY_ACTIVE_ARCH = YES;
				SDKROOT = iphoneos;
				SWIFT_ACTIVE_COMPILATION_CONDITIONS = DEBUG;
				SWIFT_OPTIMIZATION_LEVEL = "-Onone";
			};
			name = Debug;
		};
		B11F93B01E2C7E8500788E65 /* Release */ = {
			isa = XCBuildConfiguration;
			buildSettings = {
				ALWAYS_SEARCH_USER_PATHS = NO;
				CLANG_ANALYZER_NONNULL = YES;
				CLANG_CXX_LANGUAGE_STANDARD = "gnu++0x";
				CLANG_CXX_LIBRARY = "libc++";
				CLANG_ENABLE_MODULES = YES;
				CLANG_ENABLE_OBJC_ARC = YES;
				CLANG_WARN_BOOL_CONVERSION = YES;
				CLANG_WARN_CONSTANT_CONVERSION = YES;
				CLANG_WARN_DIRECT_OBJC_ISA_USAGE = YES_ERROR;
				CLANG_WARN_DOCUMENTATION_COMMENTS = YES;
				CLANG_WARN_EMPTY_BODY = YES;
				CLANG_WARN_ENUM_CONVERSION = YES;
				CLANG_WARN_INFINITE_RECURSION = YES;
				CLANG_WARN_INT_CONVERSION = YES;
				CLANG_WARN_OBJC_ROOT_CLASS = YES_ERROR;
				CLANG_WARN_SUSPICIOUS_MOVE = YES;
				CLANG_WARN_UNREACHABLE_CODE = YES;
				CLANG_WARN__DUPLICATE_METHOD_MATCH = YES;
				"CODE_SIGN_IDENTITY[sdk=iphoneos*]" = "iPhone Developer";
				COPY_PHASE_STRIP = NO;
				DEBUG_INFORMATION_FORMAT = "dwarf-with-dsym";
				ENABLE_NS_ASSERTIONS = NO;
				ENABLE_STRICT_OBJC_MSGSEND = YES;
				GCC_C_LANGUAGE_STANDARD = gnu99;
				GCC_NO_COMMON_BLOCKS = YES;
				GCC_WARN_64_TO_32_BIT_CONVERSION = YES;
				GCC_WARN_ABOUT_RETURN_TYPE = YES_ERROR;
				GCC_WARN_UNDECLARED_SELECTOR = YES;
				GCC_WARN_UNINITIALIZED_AUTOS = YES_AGGRESSIVE;
				GCC_WARN_UNUSED_FUNCTION = YES;
				GCC_WARN_UNUSED_VARIABLE = YES;
				IPHONEOS_DEPLOYMENT_TARGET = 10.2;
				MTL_ENABLE_DEBUG_INFO = NO;
				SDKROOT = iphoneos;
				SWIFT_OPTIMIZATION_LEVEL = "-Owholemodule";
				VALIDATE_PRODUCT = YES;
			};
			name = Release;
		};
		B11F93B21E2C7E8500788E65 /* Debug */ = {
			isa = XCBuildConfiguration;
			buildSettings = {
				ASSETCATALOG_COMPILER_APPICON_NAME = AppIcon;
				INFOPLIST_FILE = "Simple Audio Player/Info.plist";
				LD_RUNPATH_SEARCH_PATHS = "$(inherited) @executable_path/Frameworks";
				PRODUCT_BUNDLE_IDENTIFIER = "com.realdev.Simple-Audio-Player";
				PRODUCT_NAME = "$(TARGET_NAME)";
				SWIFT_VERSION = 3.0;
			};
			name = Debug;
		};
		B11F93B31E2C7E8500788E65 /* Release */ = {
			isa = XCBuildConfiguration;
			buildSettings = {
				ASSETCATALOG_COMPILER_APPICON_NAME = AppIcon;
				INFOPLIST_FILE = "Simple Audio Player/Info.plist";
				LD_RUNPATH_SEARCH_PATHS = "$(inherited) @executable_path/Frameworks";
				PRODUCT_BUNDLE_IDENTIFIER = "com.realdev.Simple-Audio-Player";
				PRODUCT_NAME = "$(TARGET_NAME)";
				SWIFT_VERSION = 3.0;
			};
			name = Release;
		};
/* End XCBuildConfiguration section */

/* Begin XCConfigurationList section */
		B11F939A1E2C7E8400788E65 /* Build configuration list for PBXProject "Simple Audio Player" */ = {
			isa = XCConfigurationList;
			buildConfigurations = (
				B11F93AF1E2C7E8500788E65 /* Debug */,
				B11F93B01E2C7E8500788E65 /* Release */,
			);
			defaultConfigurationIsVisible = 0;
			defaultConfigurationName = Release;
		};
		B11F93B11E2C7E8500788E65 /* Build configuration list for PBXNativeTarget "Simple Audio Player" */ = {
			isa = XCConfigurationList;
			buildConfigurations = (
				B11F93B21E2C7E8500788E65 /* Debug */,
				B11F93B31E2C7E8500788E65 /* Release */,
			);
			defaultConfigurationIsVisible = 0;
		};
/* End XCConfigurationList section */
	};
	rootObject = B11F93971E2C7E8400788E65 /* Project object */;
}
